lockfileVersion: '6.0'

settings:
  autoInstallPeers: true
  excludeLinksFromLockfile: false

dependencies:
  '@thirdweb-dev/contracts':
    specifier: ^3
    version: 3.15.0

packages:

  /@openzeppelin/contracts-upgradeable@4.9.6:
    resolution: {integrity: sha512-m4iHazOsOCv1DgM7eD7GupTJ+NFVujRZt1wzddDPSVGpWdKq1SKkla5htKG7+IS4d2XOCtzkUNwRZ7Vq5aEUMA==}
    dev: false

  /@openzeppelin/contracts@4.9.6:
    resolution: {integrity: sha512-xSmezSupL+y9VkHZJGDoCBpmnB2ogM13ccaYDWqJTfS3dbuHkgjuwDFUmaFauBCboQMGB/S5UqUl2y54X99BmA==}
    dev: false

  /@thirdweb-dev/contracts@3.15.0:
    resolution: {integrity: sha512-sIXPy6zNqW9K9h8xgCnsRQVrqmmMdxoDqut4eAZj1CJzMax5TyrNBoSYCfAX0et8KApvBeCVeJQhUHSWpBNIVw==}
    engines: {node: '>=18.0.0'}
    dependencies:
      '@openzeppelin/contracts': 4.9.6
      '@openzeppelin/contracts-upgradeable': 4.9.6
      '@thirdweb-dev/dynamic-contracts': 1.2.5
      erc721a-upgradeable: 3.3.0
      solady: 0.0.180
    dev: false

  /@thirdweb-dev/dynamic-contracts@1.2.5:
    resolution: {integrity: sha512-YVsz+jUWbwj+6aF2eTZGMfyw47a1HRmgNl4LQ3gW9gwYL5y5+OX/yOzv6aV5ibvoqCk/k10aIVK2eFrcpMubQA==}
    engines: {node: '>=18.0.0'}
    dev: false

  /erc721a-upgradeable@3.3.0:
    resolution: {integrity: sha512-ILE0SjKuvhx+PABG0A/41QUp0MFiYmzrgo71htQ0Ov6JfDOmgUzGxDW8gZuYfKrdlYjNwSAqMpUFWBbyW3sWBA==}
    dependencies:
      '@openzeppelin/contracts-upgradeable': 4.9.6
    dev: false

  /solady@0.0.180:
    resolution: {integrity: sha512-9QVCyMph+wk78Aq/GxtDAQg7dvNoVWx2dS2Zwf11XlwFKDZ+YJG2lrQsK9NEIth9NOebwjBXAYk4itdwOOE4aw==}
    dev: false
